
Microsoft Visual Studio Solution File, Format Version 12.00
# Visual Studio Version 17
VisualStudioVersion = 17.7.34031.279
MinimumVisualStudioVersion = 10.0.40219.1
Project("{9A19103F-16F7-4668-BE54-9A1E7A4F7556}") = "RickyAndMorthyApp", "RickyAndMorthyApp\RickyAndMorthyApp.csproj", "{9DCE53D5-ADE7-4549-B59E-F86E2C5FC8E7}"
EndProject
Project("{9A19103F-16F7-4668-BE54-9A1E7A4F7556}") = "Application", "Source\Application.csproj", "{6B7DA568-2FD0-4A51-B42D-B4518D45D64E}"
EndProject
Global
	GlobalSection(SolutionConfigurationPlatforms) = preSolution
		Debug|Any CPU = Debug|Any CPU
		Release|Any CPU = Release|Any CPU
	EndGlobalSection
	GlobalSection(ProjectConfigurationPlatforms) = postSolution
		{9DCE53D5-ADE7-4549-B59E-F86E2C5FC8E7}.Debug|Any CPU.ActiveCfg = Debug|Any CPU
		{9DCE53D5-ADE7-4549-B59E-F86E2C5FC8E7}.Debug|Any CPU.Build.0 = Debug|Any CPU
		{9DCE53D5-ADE7-4549-B59E-F86E2C5FC8E7}.Release|Any CPU.ActiveCfg = Release|Any CPU
		{9DCE53D5-ADE7-4549-B59E-F86E2C5FC8E7}.Release|Any CPU.Build.0 = Release|Any CPU
		{6B7DA568-2FD0-4A51-B42D-B4518D45D64E}.Debug|Any CPU.ActiveCfg = Debug|Any CPU
		{6B7DA568-2FD0-4A51-B42D-B4518D45D64E}.Debug|Any CPU.Build.0 = Debug|Any CPU
		{6B7DA568-2FD0-4A51-B42D-B4518D45D64E}.Release|Any CPU.ActiveCfg = Release|Any CPU
		{6B7DA568-2FD0-4A51-B42D-B4518D45D64E}.Release|Any CPU.Build.0 = Release|Any CPU
	EndGlobalSection
	GlobalSection(SolutionProperties) = preSolution
		HideSolutionNode = FALSE
	EndGlobalSection
	GlobalSection(ExtensibilityGlobals) = postSolution
		SolutionGuid = {6015AD3A-6C48-4368-A0DD-B7AB01D8C23F}
	EndGlobalSection
EndGlobal
